
Microsoft Visual Studio Solution File, Format Version 12.00
# Visual Studio Version 18
VisualStudioVersion = 18.5.11709.299
MinimumVisualStudioVersion = 10.0.40219.1
Project("{FAE04EC0-301F-11D3-BF4B-00C04F79EFBC}") = "SmartGrid.Server", "SmartGrid.Server\SmartGrid.Server.csproj", "{FD7649A5-41EB-4599-937D-EB016117C391}"
EndProject
Project("{FAE04EC0-301F-11D3-BF4B-00C04F79EFBC}") = "SmartGrid.Client", "SmartGrid.Client\SmartGrid.Client.csproj", "{055BCC74-18D9-4AD1-A76B-F67E0DF307C3}"
EndProject
Project("{FAE04EC0-301F-11D3-BF4B-00C04F79EFBC}") = "SmartGrid.Common", "SmartGrid.Common\SmartGrid.Common.csproj", "{4A9F1B9C-FCB4-4AB6-AF57-A69B99D573CA}"
EndProject
Global
	GlobalSection(SolutionConfigurationPlatforms) = preSolution
		Debug|Any CPU = Debug|Any CPU
		Release|Any CPU = Release|Any CPU
	EndGlobalSection
	GlobalSection(ProjectConfigurationPlatforms) = postSolution
		{FD7649A5-41EB-4599-937D-EB016117C391}.Debug|Any CPU.ActiveCfg = Debug|Any CPU
		{FD7649A5-41EB-4599-937D-EB016117C391}.Debug|Any CPU.Build.0 = Debug|Any CPU
		{FD7649A5-41EB-4599-937D-EB016117C391}.Release|Any CPU.ActiveCfg = Release|Any CPU
		{FD7649A5-41EB-4599-937D-EB016117C391}.Release|Any CPU.Build.0 = Release|Any CPU
		{055BCC74-18D9-4AD1-A76B-F67E0DF307C3}.Debug|Any CPU.ActiveCfg = Debug|Any CPU
		{055BCC74-18D9-4AD1-A76B-F67E0DF307C3}.Debug|Any CPU.Build.0 = Debug|Any CPU
		{055BCC74-18D9-4AD1-A76B-F67E0DF307C3}.Release|Any CPU.ActiveCfg = Release|Any CPU
		{055BCC74-18D9-4AD1-A76B-F67E0DF307C3}.Release|Any CPU.Build.0 = Release|Any CPU
		{4A9F1B9C-FCB4-4AB6-AF57-A69B99D573CA}.Debug|Any CPU.ActiveCfg = Debug|Any CPU
		{4A9F1B9C-FCB4-4AB6-AF57-A69B99D573CA}.Debug|Any CPU.Build.0 = Debug|Any CPU
		{4A9F1B9C-FCB4-4AB6-AF57-A69B99D573CA}.Release|Any CPU.ActiveCfg = Release|Any CPU
		{4A9F1B9C-FCB4-4AB6-AF57-A69B99D573CA}.Release|Any CPU.Build.0 = Release|Any CPU
	EndGlobalSection
	GlobalSection(SolutionProperties) = preSolution
		HideSolutionNode = FALSE
	EndGlobalSection
	GlobalSection(ExtensibilityGlobals) = postSolution
		SolutionGuid = {3F55D437-C909-4A03-B15B-8133FFDE6B89}
	EndGlobalSection
EndGlobal
